
Microsoft Visual Studio Solution File, Format Version 12.00
# Visual Studio 15
Project("{FAE04EC0-301F-11D3-BF4B-00C04F79EFBC}") = "Assembly-CSharp", "Assembly-CSharp.csproj", "{1D29FA98-8993-0E24-C6E3-C40523B0B4EA}"
EndProject
Project("{FAE04EC0-301F-11D3-BF4B-00C04F79EFBC}") = "Assembly-CSharp-firstpass", "Assembly-CSharp-firstpass.csproj", "{C732C707-236C-B225-96EE-17FF7531F18F}"
EndProject
Project("{FAE04EC0-301F-11D3-BF4B-00C04F79EFBC}") = "Assembly-CSharp-Editor", "Assembly-CSharp-Editor.csproj", "{5AC782F2-2B74-B4B9-D9EC-9F0FC784DED0}"
EndProject
Project("{FAE04EC0-301F-11D3-BF4B-00C04F79EFBC}") = "Assembly-CSharp-Editor-firstpass", "Assembly-CSharp-Editor-firstpass.csproj", "{D13AA05C-79B8-30D6-1AA6-64712549E7F0}"
EndProject
Global
	GlobalSection(SolutionConfigurationPlatforms) = preSolution
		Debug|Any CPU = Debug|Any CPU
		Release|Any CPU = Release|Any CPU
	EndGlobalSection
	GlobalSection(ProjectConfigurationPlatforms) = postSolution
		{1D29FA98-8993-0E24-C6E3-C40523B0B4EA}.Debug|Any CPU.ActiveCfg = Debug|Any CPU
		{1D29FA98-8993-0E24-C6E3-C40523B0B4EA}.Debug|Any CPU.Build.0 = Debug|Any CPU
		{1D29FA98-8993-0E24-C6E3-C40523B0B4EA}.Release|Any CPU.ActiveCfg = Release|Any CPU
		{1D29FA98-8993-0E24-C6E3-C40523B0B4EA}.Release|Any CPU.Build.0 = Release|Any CPU
		{C732C707-236C-B225-96EE-17FF7531F18F}.Debug|Any CPU.ActiveCfg = Debug|Any CPU
		{C732C707-236C-B225-96EE-17FF7531F18F}.Debug|Any CPU.Build.0 = Debug|Any CPU
		{C732C707-236C-B225-96EE-17FF7531F18F}.Release|Any CPU.ActiveCfg = Release|Any CPU
		{C732C707-236C-B225-96EE-17FF7531F18F}.Release|Any CPU.Build.0 = Release|Any CPU
		{5AC782F2-2B74-B4B9-D9EC-9F0FC784DED0}.Debug|Any CPU.ActiveCfg = Debug|Any CPU
		{5AC782F2-2B74-B4B9-D9EC-9F0FC784DED0}.Debug|Any CPU.Build.0 = Debug|Any CPU
		{5AC782F2-2B74-B4B9-D9EC-9F0FC784DED0}.Release|Any CPU.ActiveCfg = Release|Any CPU
		{5AC782F2-2B74-B4B9-D9EC-9F0FC784DED0}.Release|Any CPU.Build.0 = Release|Any CPU
		{D13AA05C-79B8-30D6-1AA6-64712549E7F0}.Debug|Any CPU.ActiveCfg = Debug|Any CPU
		{D13AA05C-79B8-30D6-1AA6-64712549E7F0}.Debug|Any CPU.Build.0 = Debug|Any CPU
		{D13AA05C-79B8-30D6-1AA6-64712549E7F0}.Release|Any CPU.ActiveCfg = Release|Any CPU
		{D13AA05C-79B8-30D6-1AA6-64712549E7F0}.Release|Any CPU.Build.0 = Release|Any CPU
	EndGlobalSection
	GlobalSection(SolutionProperties) = preSolution
		HideSolutionNode = FALSE
	EndGlobalSection
EndGlobal
